// !$*UTF8*$!
{
	archiveVersion = 1;
	classes = {
	};
	objectVersion = 46;
	objects = {

/* Begin PBXBuildFile section */
		DF0BF9B91CAD748300E87D11 /* TravelLocationVC.swift in Sources */ = {isa = PBXBuildFile; fileRef = DF0BF9B81CAD748300E87D11 /* TravelLocationVC.swift */; };
		DFEA9F711CAAC7A400C8C281 /* AppDelegate.swift in Sources */ = {isa = PBXBuildFile; fileRef = DFEA9F701CAAC7A400C8C281 /* AppDelegate.swift */; };
		DFEA9F761CAAC7A400C8C281 /* Main.storyboard in Resources */ = {isa = PBXBuildFile; fileRef = DFEA9F741CAAC7A400C8C281 /* Main.storyboard */; };
		DFEA9F791CAAC7A400C8C281 /* VirtualTourist.xcdatamodeld in Sources */ = {isa = PBXBuildFile; fileRef = DFEA9F771CAAC7A400C8C281 /* VirtualTourist.xcdatamodeld */; };
		DFEA9F7B1CAAC7A500C8C281 /* Assets.xcassets in Resources */ = {isa = PBXBuildFile; fileRef = DFEA9F7A1CAAC7A500C8C281 /* Assets.xcassets */; };
		DFEA9F7E1CAAC7A500C8C281 /* LaunchScreen.storyboard in Resources */ = {isa = PBXBuildFile; fileRef = DFEA9F7C1CAAC7A500C8C281 /* LaunchScreen.storyboard */; };
		DFFF1EE91CBB65A800EB8E86 /* CoreDataStackManager.swift in Sources */ = {isa = PBXBuildFile; fileRef = DFFF1EE81CBB65A800EB8E86 /* CoreDataStackManager.swift */; };
		DFFF1EEB1CBB709000EB8E86 /* Pin.swift in Sources */ = {isa = PBXBuildFile; fileRef = DFFF1EEA1CBB709000EB8E86 /* Pin.swift */; };
/* End PBXBuildFile section */

/* Begin PBXFileReference section */
		DF0BF9B81CAD748300E87D11 /* TravelLocationVC.swift */ = {isa = PBXFileReference; fileEncoding = 4; lastKnownFileType = sourcecode.swift; path = TravelLocationVC.swift; sourceTree = "<group>"; };
		DFEA9F6D1CAAC7A400C8C281 /* VirtualTourist.app */ = {isa = PBXFileReference; explicitFileType = wrapper.application; includeInIndex = 0; path = VirtualTourist.app; sourceTree = BUILT_PRODUCTS_DIR; };
		DFEA9F701CAAC7A400C8C281 /* AppDelegate.swift */ = {isa = PBXFileReference; lastKnownFileType = sourcecode.swift; path = AppDelegate.swift; sourceTree = "<group>"; };
		DFEA9F751CAAC7A400C8C281 /* Base */ = {isa = PBXFileReference; lastKnownFileType = file.storyboard; name = Base; path = Base.lproj/Main.storyboard; sourceTree = "<group>"; };
		DFEA9F781CAAC7A400C8C281 /* VirtualTourist.xcdatamodel */ = {isa = PBXFileReference; lastKnownFileType = wrapper.xcdatamodel; path = VirtualTourist.xcdatamodel; sourceTree = "<group>"; };
		DFEA9F7A1CAAC7A500C8C281 /* Assets.xcassets */ = {isa = PBXFileReference; lastKnownFileType = folder.assetcatalog; path = Assets.xcassets; sourceTree = "<group>"; };
		DFEA9F7D1CAAC7A500C8C281 /* Base */ = {isa = PBXFileReference; lastKnownFileType = file.storyboard; name = Base; path = Base.lproj/LaunchScreen.storyboard; sourceTree = "<group>"; };
		DFEA9F7F1CAAC7A500C8C281 /* Info.plist */ = {isa = PBXFileReference; lastKnownFileType = text.plist.xml; path = Info.plist; sourceTree = "<group>"; };
		DFFF1EE81CBB65A800EB8E86 /* CoreDataStackManager.swift */ = {isa = PBXFileReference; fileEncoding = 4; lastKnownFileType = sourcecode.swift; path = CoreDataStackManager.swift; sourceTree = "<group>"; };
		DFFF1EEA1CBB709000EB8E86 /* Pin.swift */ = {isa = PBXFileReference; fileEncoding = 4; lastKnownFileType = sourcecode.swift; path = Pin.swift; sourceTree = "<group>"; };
/* End PBXFileReference section */

/* Begin PBXFrameworksBuildPhase section */
		DFEA9F6A1CAAC7A400C8C281 /* Frameworks */ = {
			isa = PBXFrameworksBuildPhase;
			buildActionMask = 2147483647;
			files = (
			);
			runOnlyForDeploymentPostprocessing = 0;
		};
/* End PBXFrameworksBuildPhase section */

/* Begin PBXGroup section */
		DFEA9F641CAAC7A400C8C281 = {
			isa = PBXGroup;
			children = (
				DFEA9F6F1CAAC7A400C8C281 /* VirtualTourist */,
				DFEA9F6E1CAAC7A400C8C281 /* Products */,
			);
			sourceTree = "<group>";
		};
		DFEA9F6E1CAAC7A400C8C281 /* Products */ = {
			isa = PBXGroup;
			children = (
				DFEA9F6D1CAAC7A400C8C281 /* VirtualTourist.app */,
			);
			name = Products;
			sourceTree = "<group>";
		};
		DFEA9F6F1CAAC7A400C8C281 /* VirtualTourist */ = {
			isa = PBXGroup;
			children = (
				DFEA9F701CAAC7A400C8C281 /* AppDelegate.swift */,
				DF0BF9B81CAD748300E87D11 /* TravelLocationVC.swift */,
				DFFF1EE81CBB65A800EB8E86 /* CoreDataStackManager.swift */,
				DFEA9F741CAAC7A400C8C281 /* Main.storyboard */,
				DFEA9F7A1CAAC7A500C8C281 /* Assets.xcassets */,
				DFEA9F7C1CAAC7A500C8C281 /* LaunchScreen.storyboard */,
				DFEA9F7F1CAAC7A500C8C281 /* Info.plist */,
				DFEA9F771CAAC7A400C8C281 /* VirtualTourist.xcdatamodeld */,
				DFFF1EEA1CBB709000EB8E86 /* Pin.swift */,
			);
			path = VirtualTourist;
			sourceTree = "<group>";
		};
/* End PBXGroup section */

/* Begin PBXNativeTarget section */
		DFEA9F6C1CAAC7A400C8C281 /* VirtualTourist */ = {
			isa = PBXNativeTarget;
			buildConfigurationList = DFEA9F821CAAC7A500C8C281 /* Build configuration list for PBXNativeTarget "VirtualTourist" */;
			buildPhases = (
				DFEA9F691CAAC7A400C8C281 /* Sources */,
				DFEA9F6A1CAAC7A400C8C281 /* Frameworks */,
				DFEA9F6B1CAAC7A400C8C281 /* Resources */,
			);
			buildRules = (
			);
			dependencies = (
			);
			name = VirtualTourist;
			productName = VirtualTourist;
			productReference = DFEA9F6D1CAAC7A400C8C281 /* VirtualTourist.app */;
			productType = "com.apple.product-type.application";
		};
/* End PBXNativeTarget section */

/* Begin PBXProject section */
		DFEA9F651CAAC7A400C8C281 /* Project object */ = {
			isa = PBXProject;
			attributes = {
				LastSwiftUpdateCheck = 0720;
				LastUpgradeCheck = 0720;
				ORGANIZATIONNAME = "Robert Garza";
				TargetAttributes = {
					DFEA9F6C1CAAC7A400C8C281 = {
						CreatedOnToolsVersion = 7.2;
						DevelopmentTeam = PJUDQQF3CQ;
					};
				};
			};
			buildConfigurationList = DFEA9F681CAAC7A400C8C281 /* Build configuration list for PBXProject "VirtualTourist" */;
			compatibilityVersion = "Xcode 3.2";
			developmentRegion = English;
			hasScannedForEncodings = 0;
			knownRegions = (
				en,
				Base,
			);
			mainGroup = DFEA9F641CAAC7A400C8C281;
			productRefGroup = DFEA9F6E1CAAC7A400C8C281 /* Products */;
			projectDirPath = "";
			projectRoot = "";
			targets = (
				DFEA9F6C1CAAC7A400C8C281 /* VirtualTourist */,
			);
		};
/* End PBXProject section */

/* Begin PBXResourcesBuildPhase section */
		DFEA9F6B1CAAC7A400C8C281 /* Resources */ = {
			isa = PBXResourcesBuildPhase;
			buildActionMask = 2147483647;
			files = (
				DFEA9F7E1CAAC7A500C8C281 /* LaunchScreen.storyboard in Resources */,
				DFEA9F7B1CAAC7A500C8C281 /* Assets.xcassets in Resources */,
				DFEA9F761CAAC7A400C8C281 /* Main.storyboard in Resources */,
			);
			runOnlyForDeploymentPostprocessing = 0;
		};
/* End PBXResourcesBuildPhase section */

/* Begin PBXSourcesBuildPhase section */
		DFEA9F691CAAC7A400C8C281 /* Sources */ = {
			isa = PBXSourcesBuildPhase;
			buildActionMask = 2147483647;
			files = (
				DFFF1EEB1CBB709000EB8E86 /* Pin.swift in Sources */,
				DF0BF9B91CAD748300E87D11 /* TravelLocationVC.swift in Sources */,
				DFFF1EE91CBB65A800EB8E86 /* CoreDataStackManager.swift in Sources */,
				DFEA9F711CAAC7A400C8C281 /* AppDelegate.swift in Sources */,
				DFEA9F791CAAC7A400C8C281 /* VirtualTourist.xcdatamodeld in Sources */,
			);
			runOnlyForDeploymentPostprocessing = 0;
		};
/* End PBXSourcesBuildPhase section */

/* Begin PBXVariantGroup section */
		DFEA9F741CAAC7A400C8C281 /* Main.storyboard */ = {
			isa = PBXVariantGroup;
			children = (
				DFEA9F751CAAC7A400C8C281 /* Base */,
			);
			name = Main.storyboard;
			sourceTree = "<group>";
		};
		DFEA9F7C1CAAC7A500C8C281 /* LaunchScreen.storyboard */ = {
			isa = PBXVariantGroup;
			children = (
				DFEA9F7D1CAAC7A500C8C281 /* Base */,
			);
			name = LaunchScreen.storyboard;
			sourceTree = "<group>";
		};
/* End PBXVariantGroup section */

/* Begin XCBuildConfiguration section */
		DFEA9F801CAAC7A500C8C281 /* Debug */ = {
			isa = XCBuildConfiguration;
			buildSettings = {
				ALWAYS_SEARCH_USER_PATHS = NO;
				CLANG_CXX_LANGUAGE_STANDARD = "gnu++0x";
				CLANG_CXX_LIBRARY = "libc++";
				CLANG_ENABLE_MODULES = YES;
				CLANG_ENABLE_OBJC_ARC = YES;
				CLANG_WARN_BOOL_CONVERSION = YES;
				CLANG_WARN_CONSTANT_CONVERSION = YES;
				CLANG_WARN_DIRECT_OBJC_ISA_USAGE = YES_ERROR;
				CLANG_WARN_EMPTY_BODY = YES;
				CLANG_WARN_ENUM_CONVERSION = YES;
				CLANG_WARN_INT_CONVERSION = YES;
				CLANG_WARN_OBJC_ROOT_CLASS = YES_ERROR;
				CLANG_WARN_UNREACHABLE_CODE = YES;
				CLANG_WARN__DUPLICATE_METHOD_MATCH = YES;
				"CODE_SIGN_IDENTITY[sdk=iphoneos*]" = "iPhone Developer";
				COPY_PHASE_STRIP = NO;
				DEBUG_INFORMATION_FORMAT = dwarf;
				ENABLE_STRICT_OBJC_MSGSEND = YES;
				ENABLE_TESTABILITY = YES;
				GCC_C_LANGUAGE_STANDARD = gnu99;
				GCC_DYNAMIC_NO_PIC = NO;
				GCC_NO_COMMON_BLOCKS = YES;
				GCC_OPTIMIZATION_LEVEL = 0;
				GCC_PREPROCESSOR_DEFINITIONS = (
					"DEBUG=1",
					"$(inherited)",
				);
				GCC_WARN_64_TO_32_BIT_CONVERSION = YES;
				GCC_WARN_ABOUT_RETURN_TYPE = YES_ERROR;
				GCC_WARN_UNDECLARED_SELECTOR = YES;
				GCC_WARN_UNINITIALIZED_AUTOS = YES_AGGRESSIVE;
				GCC_WARN_UNUSED_FUNCTION = YES;
				GCC_WARN_UNUSED_VARIABLE = YES;
				IPHONEOS_DEPLOYMENT_TARGET = 9.2;
				MTL_ENABLE_DEBUG_INFO = YES;
				ONLY_ACTIVE_ARCH = YES;
				SDKROOT = iphoneos;
				SWIFT_OPTIMIZATION_LEVEL = "-Onone";
				TARGETED_DEVICE_FAMILY = "1,2";
			};
			name = Debug;
		};
		DFEA9F811CAAC7A500C8C281 /* Release */ = {
			isa = XCBuildConfiguration;
			buildSettings = {
				ALWAYS_SEARCH_USER_PATHS = NO;
				CLANG_CXX_LANGUAGE_STANDARD = "gnu++0x";
				CLANG_CXX_LIBRARY = "libc++";
				CLANG_ENABLE_MODULES = YES;
				CLANG_ENABLE_OBJC_ARC = YES;
				CLANG_WARN_BOOL_CONVERSION = YES;
				CLANG_WARN_CONSTANT_CONVERSION = YES;
				CLANG_WARN_DIRECT_OBJC_ISA_USAGE = YES_ERROR;
				CLANG_WARN_EMPTY_BODY = YES;
				CLANG_WARN_ENUM_CONVERSION = YES;
				CLANG_WARN_INT_CONVERSION = YES;
				CLANG_WARN_OBJC_ROOT_CLASS = YES_ERROR;
				CLANG_WARN_UNREACHABLE_CODE = YES;
				CLANG_WARN__DUPLICATE_METHOD_MATCH = YES;
				"CODE_SIGN_IDENTITY[sdk=iphoneos*]" = "iPhone Developer";
				COPY_PHASE_STRIP = NO;
				DEBUG_INFORMATION_FORMAT = "dwarf-with-dsym";
				ENABLE_NS_ASSERTIONS = NO;
				ENABLE_STRICT_OBJC_MSGSEND = YES;
				GCC_C_LANGUAGE_STANDARD = gnu99;
				GCC_NO_COMMON_BLOCKS = YES;
				GCC_WARN_64_TO_32_BIT_CONVERSION = YES;
				GCC_WARN_ABOUT_RETURN_TYPE = YES_ERROR;
				GCC_WARN_UNDECLARED_SELECTOR = YES;
				GCC_WARN_UNINITIALIZED_AUTOS = YES_AGGRESSIVE;
				GCC_WARN_UNUSED_FUNCTION = YES;
				GCC_WARN_UNUSED_VARIABLE = YES;
				IPHONEOS_DEPLOYMENT_TARGET = 9.2;
				MTL_ENABLE_DEBUG_INFO = NO;
				SDKROOT = iphoneos;
				TARGETED_DEVICE_FAMILY = "1,2";
				VALIDATE_PRODUCT = YES;
			};
			name = Release;
		};
		DFEA9F831CAAC7A500C8C281 /* Debug */ = {
			isa = XCBuildConfiguration;
			buildSettings = {
				ASSETCATALOG_COMPILER_APPICON_NAME = AppIcon;
				INFOPLIST_FILE = VirtualTourist/Info.plist;
				LD_RUNPATH_SEARCH_PATHS = "$(inherited) @executable_path/Frameworks";
				PRODUCT_BUNDLE_IDENTIFIER = ROB.VirtualTourist;
				PRODUCT_NAME = "$(TARGET_NAME)";
			};
			name = Debug;
		};
		DFEA9F841CAAC7A500C8C281 /* Release */ = {
			isa = XCBuildConfiguration;
			buildSettings = {
				ASSETCATALOG_COMPILER_APPICON_NAME = AppIcon;
				INFOPLIST_FILE = VirtualTourist/Info.plist;
				LD_RUNPATH_SEARCH_PATHS = "$(inherited) @executable_path/Frameworks";
				PRODUCT_BUNDLE_IDENTIFIER = ROB.VirtualTourist;
				PRODUCT_NAME = "$(TARGET_NAME)";
			};
			name = Release;
		};
/* End XCBuildConfiguration section */

/* Begin XCConfigurationList section */
		DFEA9F681CAAC7A400C8C281 /* Build configuration list for PBXProject "VirtualTourist" */ = {
			isa = XCConfigurationList;
			buildConfigurations = (
				DFEA9F801CAAC7A500C8C281 /* Debug */,
				DFEA9F811CAAC7A500C8C281 /* Release */,
			);
			defaultConfigurationIsVisible = 0;
			defaultConfigurationName = Release;
		};
		DFEA9F821CAAC7A500C8C281 /* Build configuration list for PBXNativeTarget "VirtualTourist" */ = {
			isa = XCConfigurationList;
			buildConfigurations = (
				DFEA9F831CAAC7A500C8C281 /* Debug */,
				DFEA9F841CAAC7A500C8C281 /* Release */,
			);
			defaultConfigurationIsVisible = 0;
			defaultConfigurationName = Release;
		};
/* End XCConfigurationList section */

/* Begin XCVersionGroup section */
		DFEA9F771CAAC7A400C8C281 /* VirtualTourist.xcdatamodeld */ = {
			isa = XCVersionGroup;
			children = (
				DFEA9F781CAAC7A400C8C281 /* VirtualTourist.xcdatamodel */,
			);
			currentVersion = DFEA9F781CAAC7A400C8C281 /* VirtualTourist.xcdatamodel */;
			path = VirtualTourist.xcdatamodeld;
			sourceTree = "<group>";
			versionGroupType = wrapper.xcdatamodel;
		};
/* End XCVersionGroup section */
	};
	rootObject = DFEA9F651CAAC7A400C8C281 /* Project object */;
}
